
Microsoft Visual Studio Solution File, Format Version 12.00
# Visual Studio Version 17
VisualStudioVersion = 17.6.33815.320
MinimumVisualStudioVersion = 10.0.40219.1
Project("{FAE04EC0-301F-11D3-BF4B-00C04F79EFBC}") = "KairosWeb", "WebApplication1\KairosWeb.csproj", "{A5E375DE-3269-40B5-8A17-A5B344F8C2DC}"
EndProject
Global
	GlobalSection(SolutionConfigurationPlatforms) = preSolution
		Debug|Any CPU = Debug|Any CPU
		Release|Any CPU = Release|Any CPU
	EndGlobalSection
	GlobalSection(ProjectConfigurationPlatforms) = postSolution
		{A5E375DE-3269-40B5-8A17-A5B344F8C2DC}.Debug|Any CPU.ActiveCfg = Debug|Any CPU
		{A5E375DE-3269-40B5-8A17-A5B344F8C2DC}.Debug|Any CPU.Build.0 = Debug|Any CPU
		{A5E375DE-3269-40B5-8A17-A5B344F8C2DC}.Release|Any CPU.ActiveCfg = Release|Any CPU
		{A5E375DE-3269-40B5-8A17-A5B344F8C2DC}.Release|Any CPU.Build.0 = Release|Any CPU
	EndGlobalSection
	GlobalSection(SolutionProperties) = preSolution
		HideSolutionNode = FALSE
	EndGlobalSection
	GlobalSection(ExtensibilityGlobals) = postSolution
		SolutionGuid = {48A59838-5F6A-4412-8B38-A265DF4EF4FE}
	EndGlobalSection
EndGlobal
